
Microsoft Visual Studio Solution File, Format Version 12.00
# Visual Studio Version 17
VisualStudioVersion = 17.11.35219.272
MinimumVisualStudioVersion = 10.0.40219.1
Project("{FAE04EC0-301F-11D3-BF4B-00C04F79EFBC}") = "Sesion15", "Sesion15\Sesion15.csproj", "{C5134BD9-D7DA-4950-8C49-DE4BB897C403}"
EndProject
Global
	GlobalSection(SolutionConfigurationPlatforms) = preSolution
		Debug|Any CPU = Debug|Any CPU
		Release|Any CPU = Release|Any CPU
	EndGlobalSection
	GlobalSection(ProjectConfigurationPlatforms) = postSolution
		{C5134BD9-D7DA-4950-8C49-DE4BB897C403}.Debug|Any CPU.ActiveCfg = Debug|Any CPU
		{C5134BD9-D7DA-4950-8C49-DE4BB897C403}.Debug|Any CPU.Build.0 = Debug|Any CPU
		{C5134BD9-D7DA-4950-8C49-DE4BB897C403}.Release|Any CPU.ActiveCfg = Release|Any CPU
		{C5134BD9-D7DA-4950-8C49-DE4BB897C403}.Release|Any CPU.Build.0 = Release|Any CPU
	EndGlobalSection
	GlobalSection(SolutionProperties) = preSolution
		HideSolutionNode = FALSE
	EndGlobalSection
	GlobalSection(ExtensibilityGlobals) = postSolution
		SolutionGuid = {40684BE4-C77A-4DE1-B585-762288D43003}
	EndGlobalSection
EndGlobal
